
Microsoft Visual Studio Solution File, Format Version 12.00
# Visual Studio Version 16
VisualStudioVersion = 25.0.1706.3
MinimumVisualStudioVersion = 10.0.40219.1
Project("{FAE04EC0-301F-11D3-BF4B-00C04F79EFBC}") = "Application.WebApi", "01-src\Application\PagerDutyInterview.Application.webApi\Application.WebApi.csproj", "{0235D3D9-9D11-4C2D-8E38-0FDF5334FCF6}"
EndProject
Project("{2150E333-8FDC-42A3-9474-1A3956D46DE8}") = "01-src", "01-src", "{21902FE3-EA12-44BC-A6F5-F89C5D950437}"
EndProject
Project("{2150E333-8FDC-42A3-9474-1A3956D46DE8}") = "1.1-application", "1.1-application", "{4DB826EB-34AE-42DD-B0CF-D0A484B97CB0}"
EndProject
Project("{2150E333-8FDC-42A3-9474-1A3956D46DE8}") = "02-tests", "02-tests", "{D4A30D06-95E1-421E-B312-358C996ABC5F}"
EndProject
Project("{2150E333-8FDC-42A3-9474-1A3956D46DE8}") = "1.2-domain", "1.2-domain", "{D725A34C-EC84-4FBD-82AA-4FC5E0B6A807}"
EndProject
Project("{FAE04EC0-301F-11D3-BF4B-00C04F79EFBC}") = "Domain", "01-src\Domain\Domain.Model\Domain.csproj", "{C71ECB53-E4E4-449B-9521-4EABAC5EC3D1}"
EndProject
Project("{2150E333-8FDC-42A3-9474-1A3956D46DE8}") = "1.3-infrastructure", "1.3-infrastructure", "{C896AC21-5814-4AB6-B9E9-142BB4FF5DD8}"
EndProject
Project("{FAE04EC0-301F-11D3-BF4B-00C04F79EFBC}") = "Infrastructure.Gateway", "01-src\Infrastructure\Infrastructure.Gateway\Infrastructure.Gateway.csproj", "{455DF5E0-E89B-47C1-936D-423AE6FE4CAF}"
EndProject
Project("{FAE04EC0-301F-11D3-BF4B-00C04F79EFBC}") = "Domain.UnitTests", "02-tests\Domain.UnitTests\Domain.UnitTests.csproj", "{626B42A3-668D-48E0-992E-9B97E955F37D}"
EndProject
Global
	GlobalSection(SolutionConfigurationPlatforms) = preSolution
		Debug|Any CPU = Debug|Any CPU
		Release|Any CPU = Release|Any CPU
	EndGlobalSection
	GlobalSection(ProjectConfigurationPlatforms) = postSolution
		{0235D3D9-9D11-4C2D-8E38-0FDF5334FCF6}.Debug|Any CPU.ActiveCfg = Debug|Any CPU
		{0235D3D9-9D11-4C2D-8E38-0FDF5334FCF6}.Debug|Any CPU.Build.0 = Debug|Any CPU
		{0235D3D9-9D11-4C2D-8E38-0FDF5334FCF6}.Release|Any CPU.ActiveCfg = Release|Any CPU
		{0235D3D9-9D11-4C2D-8E38-0FDF5334FCF6}.Release|Any CPU.Build.0 = Release|Any CPU
		{C71ECB53-E4E4-449B-9521-4EABAC5EC3D1}.Debug|Any CPU.ActiveCfg = Debug|Any CPU
		{C71ECB53-E4E4-449B-9521-4EABAC5EC3D1}.Debug|Any CPU.Build.0 = Debug|Any CPU
		{C71ECB53-E4E4-449B-9521-4EABAC5EC3D1}.Release|Any CPU.ActiveCfg = Release|Any CPU
		{C71ECB53-E4E4-449B-9521-4EABAC5EC3D1}.Release|Any CPU.Build.0 = Release|Any CPU
		{455DF5E0-E89B-47C1-936D-423AE6FE4CAF}.Debug|Any CPU.ActiveCfg = Debug|Any CPU
		{455DF5E0-E89B-47C1-936D-423AE6FE4CAF}.Debug|Any CPU.Build.0 = Debug|Any CPU
		{455DF5E0-E89B-47C1-936D-423AE6FE4CAF}.Release|Any CPU.ActiveCfg = Release|Any CPU
		{455DF5E0-E89B-47C1-936D-423AE6FE4CAF}.Release|Any CPU.Build.0 = Release|Any CPU
		{626B42A3-668D-48E0-992E-9B97E955F37D}.Debug|Any CPU.ActiveCfg = Debug|Any CPU
		{626B42A3-668D-48E0-992E-9B97E955F37D}.Debug|Any CPU.Build.0 = Debug|Any CPU
		{626B42A3-668D-48E0-992E-9B97E955F37D}.Release|Any CPU.ActiveCfg = Release|Any CPU
		{626B42A3-668D-48E0-992E-9B97E955F37D}.Release|Any CPU.Build.0 = Release|Any CPU
	EndGlobalSection
	GlobalSection(SolutionProperties) = preSolution
		HideSolutionNode = FALSE
	EndGlobalSection
	GlobalSection(ExtensibilityGlobals) = postSolution
		SolutionGuid = {3B83CDFC-B034-47C1-BB8E-4BD1D10458A3}
	EndGlobalSection
	GlobalSection(NestedProjects) = preSolution
		{4DB826EB-34AE-42DD-B0CF-D0A484B97CB0} = {21902FE3-EA12-44BC-A6F5-F89C5D950437}
		{0235D3D9-9D11-4C2D-8E38-0FDF5334FCF6} = {4DB826EB-34AE-42DD-B0CF-D0A484B97CB0}
		{D725A34C-EC84-4FBD-82AA-4FC5E0B6A807} = {21902FE3-EA12-44BC-A6F5-F89C5D950437}
		{C71ECB53-E4E4-449B-9521-4EABAC5EC3D1} = {D725A34C-EC84-4FBD-82AA-4FC5E0B6A807}
		{C896AC21-5814-4AB6-B9E9-142BB4FF5DD8} = {21902FE3-EA12-44BC-A6F5-F89C5D950437}
		{455DF5E0-E89B-47C1-936D-423AE6FE4CAF} = {C896AC21-5814-4AB6-B9E9-142BB4FF5DD8}
		{626B42A3-668D-48E0-992E-9B97E955F37D} = {D4A30D06-95E1-421E-B312-358C996ABC5F}
	EndGlobalSection
EndGlobal
